// !$*UTF8*$!
{
	archiveVersion = 1;
	classes = {
	};
	objectVersion = 55;
	objects = {

/* Begin PBXBuildFile section */
		227619A527B5D8F600FD73F6 /* LoanCell.swift in Sources */ = {isa = PBXBuildFile; fileRef = 227619A327B5D8F600FD73F6 /* LoanCell.swift */; };
		227619A627B5D8F600FD73F6 /* LoanCell.xib in Resources */ = {isa = PBXBuildFile; fileRef = 227619A427B5D8F600FD73F6 /* LoanCell.xib */; };
		227619A927B5DAF300FD73F6 /* Loan.swift in Sources */ = {isa = PBXBuildFile; fileRef = 227619A827B5DAF300FD73F6 /* Loan.swift */; };
		227619AB27B5DBDE00FD73F6 /* Constants.swift in Sources */ = {isa = PBXBuildFile; fileRef = 227619AA27B5DBDE00FD73F6 /* Constants.swift */; };
		227619AE27B5DC2C00FD73F6 /* OpenLoansViewController.swift in Sources */ = {isa = PBXBuildFile; fileRef = 227619AD27B5DC2C00FD73F6 /* OpenLoansViewController.swift */; };
		227619C827B7F56800FD73F6 /* MTabBarView.xib in Resources */ = {isa = PBXBuildFile; fileRef = 227619C727B7F56800FD73F6 /* MTabBarView.xib */; };
		227619CA27B7F5A100FD73F6 /* MTabBarView.swift in Sources */ = {isa = PBXBuildFile; fileRef = 227619C927B7F5A100FD73F6 /* MTabBarView.swift */; };
		227619CE27B838C000FD73F6 /* MTabBarDelegate.swift in Sources */ = {isa = PBXBuildFile; fileRef = 227619CD27B838C000FD73F6 /* MTabBarDelegate.swift */; };
		227619D027B838F000FD73F6 /* MTabBarService.swift in Sources */ = {isa = PBXBuildFile; fileRef = 227619CF27B838F000FD73F6 /* MTabBarService.swift */; };
		22B30F4B27BC330C0062F35B /* EventListener.swift in Sources */ = {isa = PBXBuildFile; fileRef = 22B30F4A27BC330C0062F35B /* EventListener.swift */; };
		22B30F4D27BC33210062F35B /* MListener.swift in Sources */ = {isa = PBXBuildFile; fileRef = 22B30F4C27BC33210062F35B /* MListener.swift */; };
		22B30F4F27BC338F0062F35B /* OpenLoansViewService.swift in Sources */ = {isa = PBXBuildFile; fileRef = 22B30F4E27BC338F0062F35B /* OpenLoansViewService.swift */; };
		22C493BB27B9705400E6F2DF /* CreateLoanService.swift in Sources */ = {isa = PBXBuildFile; fileRef = 22C493BA27B9705400E6F2DF /* CreateLoanService.swift */; };
		22C493BD27B9728800E6F2DF /* Validators.swift in Sources */ = {isa = PBXBuildFile; fileRef = 22C493BC27B9728800E6F2DF /* Validators.swift */; };
		22C493C127B98AC000E6F2DF /* EventPublisher.swift in Sources */ = {isa = PBXBuildFile; fileRef = 22C493C027B98AC000E6F2DF /* EventPublisher.swift */; };
		22E15F6F27B03D640088164C /* CreateLoanViewController.swift in Sources */ = {isa = PBXBuildFile; fileRef = 22E15F6E27B03D640088164C /* CreateLoanViewController.swift */; };
		22F40EAB27AD99DB00369B22 /* AppDelegate.swift in Sources */ = {isa = PBXBuildFile; fileRef = 22F40EAA27AD99DB00369B22 /* AppDelegate.swift */; };
		22F40EAD27AD99DB00369B22 /* SceneDelegate.swift in Sources */ = {isa = PBXBuildFile; fileRef = 22F40EAC27AD99DB00369B22 /* SceneDelegate.swift */; };
		22F40EB227AD99DB00369B22 /* Main.storyboard in Resources */ = {isa = PBXBuildFile; fileRef = 22F40EB027AD99DB00369B22 /* Main.storyboard */; };
		22F40EB427AD99DB00369B22 /* Assets.xcassets in Resources */ = {isa = PBXBuildFile; fileRef = 22F40EB327AD99DB00369B22 /* Assets.xcassets */; };
		22F40EB727AD99DB00369B22 /* LaunchScreen.storyboard in Resources */ = {isa = PBXBuildFile; fileRef = 22F40EB527AD99DB00369B22 /* LaunchScreen.storyboard */; };
/* End PBXBuildFile section */

/* Begin PBXFileReference section */
		227619A327B5D8F600FD73F6 /* LoanCell.swift */ = {isa = PBXFileReference; lastKnownFileType = sourcecode.swift; path = LoanCell.swift; sourceTree = "<group>"; };
		227619A427B5D8F600FD73F6 /* LoanCell.xib */ = {isa = PBXFileReference; lastKnownFileType = file.xib; path = LoanCell.xib; sourceTree = "<group>"; };
		227619A827B5DAF300FD73F6 /* Loan.swift */ = {isa = PBXFileReference; lastKnownFileType = sourcecode.swift; path = Loan.swift; sourceTree = "<group>"; };
		227619AA27B5DBDE00FD73F6 /* Constants.swift */ = {isa = PBXFileReference; lastKnownFileType = sourcecode.swift; path = Constants.swift; sourceTree = "<group>"; };
		227619AD27B5DC2C00FD73F6 /* OpenLoansViewController.swift */ = {isa = PBXFileReference; lastKnownFileType = sourcecode.swift; path = OpenLoansViewController.swift; sourceTree = "<group>"; };
		227619C727B7F56800FD73F6 /* MTabBarView.xib */ = {isa = PBXFileReference; lastKnownFileType = file.xib; path = MTabBarView.xib; sourceTree = "<group>"; };
		227619C927B7F5A100FD73F6 /* MTabBarView.swift */ = {isa = PBXFileReference; lastKnownFileType = sourcecode.swift; path = MTabBarView.swift; sourceTree = "<group>"; };
		227619CD27B838C000FD73F6 /* MTabBarDelegate.swift */ = {isa = PBXFileReference; lastKnownFileType = sourcecode.swift; path = MTabBarDelegate.swift; sourceTree = "<group>"; };
		227619CF27B838F000FD73F6 /* MTabBarService.swift */ = {isa = PBXFileReference; lastKnownFileType = sourcecode.swift; path = MTabBarService.swift; sourceTree = "<group>"; };
		22B30F4A27BC330C0062F35B /* EventListener.swift */ = {isa = PBXFileReference; lastKnownFileType = sourcecode.swift; path = EventListener.swift; sourceTree = "<group>"; };
		22B30F4C27BC33210062F35B /* MListener.swift */ = {isa = PBXFileReference; lastKnownFileType = sourcecode.swift; path = MListener.swift; sourceTree = "<group>"; };
		22B30F4E27BC338F0062F35B /* OpenLoansViewService.swift */ = {isa = PBXFileReference; lastKnownFileType = sourcecode.swift; path = OpenLoansViewService.swift; sourceTree = "<group>"; };
		22C493BA27B9705400E6F2DF /* CreateLoanService.swift */ = {isa = PBXFileReference; lastKnownFileType = sourcecode.swift; path = CreateLoanService.swift; sourceTree = "<group>"; };
		22C493BC27B9728800E6F2DF /* Validators.swift */ = {isa = PBXFileReference; lastKnownFileType = sourcecode.swift; path = Validators.swift; sourceTree = "<group>"; };
		22C493C027B98AC000E6F2DF /* EventPublisher.swift */ = {isa = PBXFileReference; lastKnownFileType = sourcecode.swift; path = EventPublisher.swift; sourceTree = "<group>"; };
		22E15F6E27B03D640088164C /* CreateLoanViewController.swift */ = {isa = PBXFileReference; lastKnownFileType = sourcecode.swift; path = CreateLoanViewController.swift; sourceTree = "<group>"; };
		22F40EA727AD99DB00369B22 /* Loan.app */ = {isa = PBXFileReference; explicitFileType = wrapper.application; includeInIndex = 0; path = Loan.app; sourceTree = BUILT_PRODUCTS_DIR; };
		22F40EAA27AD99DB00369B22 /* AppDelegate.swift */ = {isa = PBXFileReference; lastKnownFileType = sourcecode.swift; path = AppDelegate.swift; sourceTree = "<group>"; };
		22F40EAC27AD99DB00369B22 /* SceneDelegate.swift */ = {isa = PBXFileReference; lastKnownFileType = sourcecode.swift; path = SceneDelegate.swift; sourceTree = "<group>"; };
		22F40EB127AD99DB00369B22 /* Base */ = {isa = PBXFileReference; lastKnownFileType = file.storyboard; name = Base; path = Base.lproj/Main.storyboard; sourceTree = "<group>"; };
		22F40EB327AD99DB00369B22 /* Assets.xcassets */ = {isa = PBXFileReference; lastKnownFileType = folder.assetcatalog; path = Assets.xcassets; sourceTree = "<group>"; };
		22F40EB627AD99DB00369B22 /* Base */ = {isa = PBXFileReference; lastKnownFileType = file.storyboard; name = Base; path = Base.lproj/LaunchScreen.storyboard; sourceTree = "<group>"; };
		22F40EB827AD99DB00369B22 /* Info.plist */ = {isa = PBXFileReference; lastKnownFileType = text.plist.xml; path = Info.plist; sourceTree = "<group>"; };
/* End PBXFileReference section */

/* Begin PBXFrameworksBuildPhase section */
		22F40EA427AD99DB00369B22 /* Frameworks */ = {
			isa = PBXFrameworksBuildPhase;
			buildActionMask = 2147483647;
			files = (
			);
			runOnlyForDeploymentPostprocessing = 0;
		};
/* End PBXFrameworksBuildPhase section */

/* Begin PBXGroup section */
		227619A727B5DAC400FD73F6 /* Models */ = {
			isa = PBXGroup;
			children = (
				227619A827B5DAF300FD73F6 /* Loan.swift */,
			);
			path = Models;
			sourceTree = "<group>";
		};
		227619AC27B5DBE500FD73F6 /* Utils */ = {
			isa = PBXGroup;
			children = (
				227619D127B8BF9B00FD73F6 /* EventPublisher */,
				227619AA27B5DBDE00FD73F6 /* Constants.swift */,
				22C493BC27B9728800E6F2DF /* Validators.swift */,
			);
			path = Utils;
			sourceTree = "<group>";
		};
		227619C127B7F3F400FD73F6 /* Components */ = {
			isa = PBXGroup;
			children = (
				227619C227B7F3FC00FD73F6 /* MTabBarView */,
			);
			path = Components;
			sourceTree = "<group>";
		};
		227619C227B7F3FC00FD73F6 /* MTabBarView */ = {
			isa = PBXGroup;
			children = (
				227619C727B7F56800FD73F6 /* MTabBarView.xib */,
				227619C927B7F5A100FD73F6 /* MTabBarView.swift */,
				227619CD27B838C000FD73F6 /* MTabBarDelegate.swift */,
				227619CF27B838F000FD73F6 /* MTabBarService.swift */,
			);
			path = MTabBarView;
			sourceTree = "<group>";
		};
		227619D127B8BF9B00FD73F6 /* EventPublisher */ = {
			isa = PBXGroup;
			children = (
				22C493C027B98AC000E6F2DF /* EventPublisher.swift */,
				22B30F4A27BC330C0062F35B /* EventListener.swift */,
				22B30F4C27BC33210062F35B /* MListener.swift */,
			);
			path = EventPublisher;
			sourceTree = "<group>";
		};
		22C493B727B9702B00E6F2DF /* OpenLoans */ = {
			isa = PBXGroup;
			children = (
				227619AD27B5DC2C00FD73F6 /* OpenLoansViewController.swift */,
				22B30F4E27BC338F0062F35B /* OpenLoansViewService.swift */,
			);
			path = OpenLoans;
			sourceTree = "<group>";
		};
		22C493B827B9703800E6F2DF /* CreateLoan */ = {
			isa = PBXGroup;
			children = (
				22E15F6E27B03D640088164C /* CreateLoanViewController.swift */,
				22C493BA27B9705400E6F2DF /* CreateLoanService.swift */,
			);
			path = CreateLoan;
			sourceTree = "<group>";
		};
		22E15F6C27B03CF00088164C /* Controllers */ = {
			isa = PBXGroup;
			children = (
				22C493B827B9703800E6F2DF /* CreateLoan */,
				22C493B727B9702B00E6F2DF /* OpenLoans */,
			);
			path = Controllers;
			sourceTree = "<group>";
		};
		22E15F6D27B03CFA0088164C /* Views */ = {
			isa = PBXGroup;
			children = (
				227619C127B7F3F400FD73F6 /* Components */,
				22F40EB027AD99DB00369B22 /* Main.storyboard */,
				227619A327B5D8F600FD73F6 /* LoanCell.swift */,
				227619A427B5D8F600FD73F6 /* LoanCell.xib */,
			);
			path = Views;
			sourceTree = "<group>";
		};
		22F40E9E27AD99DA00369B22 = {
			isa = PBXGroup;
			children = (
				22F40EA927AD99DB00369B22 /* Loan */,
				22F40EA827AD99DB00369B22 /* Products */,
			);
			sourceTree = "<group>";
		};
		22F40EA827AD99DB00369B22 /* Products */ = {
			isa = PBXGroup;
			children = (
				22F40EA727AD99DB00369B22 /* Loan.app */,
			);
			name = Products;
			sourceTree = "<group>";
		};
		22F40EA927AD99DB00369B22 /* Loan */ = {
			isa = PBXGroup;
			children = (
				22F40EAA27AD99DB00369B22 /* AppDelegate.swift */,
				22F40EAC27AD99DB00369B22 /* SceneDelegate.swift */,
				227619A727B5DAC400FD73F6 /* Models */,
				22E15F6D27B03CFA0088164C /* Views */,
				22E15F6C27B03CF00088164C /* Controllers */,
				227619AC27B5DBE500FD73F6 /* Utils */,
				22F40EB327AD99DB00369B22 /* Assets.xcassets */,
				22F40EB527AD99DB00369B22 /* LaunchScreen.storyboard */,
				22F40EB827AD99DB00369B22 /* Info.plist */,
			);
			path = Loan;
			sourceTree = "<group>";
		};
/* End PBXGroup section */

/* Begin PBXNativeTarget section */
		22F40EA627AD99DB00369B22 /* Loan */ = {
			isa = PBXNativeTarget;
			buildConfigurationList = 22F40EBB27AD99DB00369B22 /* Build configuration list for PBXNativeTarget "Loan" */;
			buildPhases = (
				22F40EA327AD99DB00369B22 /* Sources */,
				22F40EA427AD99DB00369B22 /* Frameworks */,
				22F40EA527AD99DB00369B22 /* Resources */,
			);
			buildRules = (
			);
			dependencies = (
			);
			name = Loan;
			productName = Loan;
			productReference = 22F40EA727AD99DB00369B22 /* Loan.app */;
			productType = "com.apple.product-type.application";
		};
/* End PBXNativeTarget section */

/* Begin PBXProject section */
		22F40E9F27AD99DA00369B22 /* Project object */ = {
			isa = PBXProject;
			attributes = {
				BuildIndependentTargetsInParallel = 1;
				LastSwiftUpdateCheck = 1320;
				LastUpgradeCheck = 1320;
				TargetAttributes = {
					22F40EA627AD99DB00369B22 = {
						CreatedOnToolsVersion = 13.2.1;
					};
				};
			};
			buildConfigurationList = 22F40EA227AD99DA00369B22 /* Build configuration list for PBXProject "Loan" */;
			compatibilityVersion = "Xcode 13.0";
			developmentRegion = en;
			hasScannedForEncodings = 0;
			knownRegions = (
				en,
				Base,
			);
			mainGroup = 22F40E9E27AD99DA00369B22;
			productRefGroup = 22F40EA827AD99DB00369B22 /* Products */;
			projectDirPath = "";
			projectRoot = "";
			targets = (
				22F40EA627AD99DB00369B22 /* Loan */,
			);
		};
/* End PBXProject section */

/* Begin PBXResourcesBuildPhase section */
		22F40EA527AD99DB00369B22 /* Resources */ = {
			isa = PBXResourcesBuildPhase;
			buildActionMask = 2147483647;
			files = (
				22F40EB727AD99DB00369B22 /* LaunchScreen.storyboard in Resources */,
				227619C827B7F56800FD73F6 /* MTabBarView.xib in Resources */,
				22F40EB427AD99DB00369B22 /* Assets.xcassets in Resources */,
				22F40EB227AD99DB00369B22 /* Main.storyboard in Resources */,
				227619A627B5D8F600FD73F6 /* LoanCell.xib in Resources */,
			);
			runOnlyForDeploymentPostprocessing = 0;
		};
/* End PBXResourcesBuildPhase section */

/* Begin PBXSourcesBuildPhase section */
		22F40EA327AD99DB00369B22 /* Sources */ = {
			isa = PBXSourcesBuildPhase;
			buildActionMask = 2147483647;
			files = (
				22B30F4F27BC338F0062F35B /* OpenLoansViewService.swift in Sources */,
				227619CA27B7F5A100FD73F6 /* MTabBarView.swift in Sources */,
				227619D027B838F000FD73F6 /* MTabBarService.swift in Sources */,
				22C493BB27B9705400E6F2DF /* CreateLoanService.swift in Sources */,
				227619AE27B5DC2C00FD73F6 /* OpenLoansViewController.swift in Sources */,
				22E15F6F27B03D640088164C /* CreateLoanViewController.swift in Sources */,
				22F40EAB27AD99DB00369B22 /* AppDelegate.swift in Sources */,
				22B30F4D27BC33210062F35B /* MListener.swift in Sources */,
				227619A927B5DAF300FD73F6 /* Loan.swift in Sources */,
				227619A527B5D8F600FD73F6 /* LoanCell.swift in Sources */,
				22C493C127B98AC000E6F2DF /* EventPublisher.swift in Sources */,
				22C493BD27B9728800E6F2DF /* Validators.swift in Sources */,
				22B30F4B27BC330C0062F35B /* EventListener.swift in Sources */,
				22F40EAD27AD99DB00369B22 /* SceneDelegate.swift in Sources */,
				227619AB27B5DBDE00FD73F6 /* Constants.swift in Sources */,
				227619CE27B838C000FD73F6 /* MTabBarDelegate.swift in Sources */,
			);
			runOnlyForDeploymentPostprocessing = 0;
		};
/* End PBXSourcesBuildPhase section */

/* Begin PBXVariantGroup section */
		22F40EB027AD99DB00369B22 /* Main.storyboard */ = {
			isa = PBXVariantGroup;
			children = (
				22F40EB127AD99DB00369B22 /* Base */,
			);
			name = Main.storyboard;
			sourceTree = "<group>";
		};
		22F40EB527AD99DB00369B22 /* LaunchScreen.storyboard */ = {
			isa = PBXVariantGroup;
			children = (
				22F40EB627AD99DB00369B22 /* Base */,
			);
			name = LaunchScreen.storyboard;
			sourceTree = "<group>";
		};
/* End PBXVariantGroup section */

/* Begin XCBuildConfiguration section */
		22F40EB927AD99DB00369B22 /* Debug */ = {
			isa = XCBuildConfiguration;
			buildSettings = {
				ALWAYS_SEARCH_USER_PATHS = NO;
				CLANG_ANALYZER_NONNULL = YES;
				CLANG_ANALYZER_NUMBER_OBJECT_CONVERSION = YES_AGGRESSIVE;
				CLANG_CXX_LANGUAGE_STANDARD = "gnu++17";
				CLANG_CXX_LIBRARY = "libc++";
				CLANG_ENABLE_MODULES = YES;
				CLANG_ENABLE_OBJC_ARC = YES;
				CLANG_ENABLE_OBJC_WEAK = YES;
				CLANG_WARN_BLOCK_CAPTURE_AUTORELEASING = YES;
				CLANG_WARN_BOOL_CONVERSION = YES;
				CLANG_WARN_COMMA = YES;
				CLANG_WARN_CONSTANT_CONVERSION = YES;
				CLANG_WARN_DEPRECATED_OBJC_IMPLEMENTATIONS = YES;
				CLANG_WARN_DIRECT_OBJC_ISA_USAGE = YES_ERROR;
				CLANG_WARN_DOCUMENTATION_COMMENTS = YES;
				CLANG_WARN_EMPTY_BODY = YES;
				CLANG_WARN_ENUM_CONVERSION = YES;
				CLANG_WARN_INFINITE_RECURSION = YES;
				CLANG_WARN_INT_CONVERSION = YES;
				CLANG_WARN_NON_LITERAL_NULL_CONVERSION = YES;
				CLANG_WARN_OBJC_IMPLICIT_RETAIN_SELF = YES;
				CLANG_WARN_OBJC_LITERAL_CONVERSION = YES;
				CLANG_WARN_OBJC_ROOT_CLASS = YES_ERROR;
				CLANG_WARN_QUOTED_INCLUDE_IN_FRAMEWORK_HEADER = YES;
				CLANG_WARN_RANGE_LOOP_ANALYSIS = YES;
				CLANG_WARN_STRICT_PROTOTYPES = YES;
				CLANG_WARN_SUSPICIOUS_MOVE = YES;
				CLANG_WARN_UNGUARDED_AVAILABILITY = YES_AGGRESSIVE;
				CLANG_WARN_UNREACHABLE_CODE = YES;
				CLANG_WARN__DUPLICATE_METHOD_MATCH = YES;
				COPY_PHASE_STRIP = NO;
				DEBUG_INFORMATION_FORMAT = dwarf;
				ENABLE_STRICT_OBJC_MSGSEND = YES;
				ENABLE_TESTABILITY = YES;
				GCC_C_LANGUAGE_STANDARD = gnu11;
				GCC_DYNAMIC_NO_PIC = NO;
				GCC_NO_COMMON_BLOCKS = YES;
				GCC_OPTIMIZATION_LEVEL = 0;
				GCC_PREPROCESSOR_DEFINITIONS = (
					"DEBUG=1",
					"$(inherited)",
				);
				GCC_WARN_64_TO_32_BIT_CONVERSION = YES;
				GCC_WARN_ABOUT_RETURN_TYPE = YES_ERROR;
				GCC_WARN_UNDECLARED_SELECTOR = YES;
				GCC_WARN_UNINITIALIZED_AUTOS = YES_AGGRESSIVE;
				GCC_WARN_UNUSED_FUNCTION = YES;
				GCC_WARN_UNUSED_VARIABLE = YES;
				IPHONEOS_DEPLOYMENT_TARGET = 15.2;
				MTL_ENABLE_DEBUG_INFO = INCLUDE_SOURCE;
				MTL_FAST_MATH = YES;
				ONLY_ACTIVE_ARCH = YES;
				SDKROOT = iphoneos;
				SWIFT_ACTIVE_COMPILATION_CONDITIONS = DEBUG;
				SWIFT_OPTIMIZATION_LEVEL = "-Onone";
			};
			name = Debug;
		};
		22F40EBA27AD99DB00369B22 /* Release */ = {
			isa = XCBuildConfiguration;
			buildSettings = {
				ALWAYS_SEARCH_USER_PATHS = NO;
				CLANG_ANALYZER_NONNULL = YES;
				CLANG_ANALYZER_NUMBER_OBJECT_CONVERSION = YES_AGGRESSIVE;
				CLANG_CXX_LANGUAGE_STANDARD = "gnu++17";
				CLANG_CXX_LIBRARY = "libc++";
				CLANG_ENABLE_MODULES = YES;
				CLANG_ENABLE_OBJC_ARC = YES;
				CLANG_ENABLE_OBJC_WEAK = YES;
				CLANG_WARN_BLOCK_CAPTURE_AUTORELEASING = YES;
				CLANG_WARN_BOOL_CONVERSION = YES;
				CLANG_WARN_COMMA = YES;
				CLANG_WARN_CONSTANT_CONVERSION = YES;
				CLANG_WARN_DEPRECATED_OBJC_IMPLEMENTATIONS = YES;
				CLANG_WARN_DIRECT_OBJC_ISA_USAGE = YES_ERROR;
				CLANG_WARN_DOCUMENTATION_COMMENTS = YES;
				CLANG_WARN_EMPTY_BODY = YES;
				CLANG_WARN_ENUM_CONVERSION = YES;
				CLANG_WARN_INFINITE_RECURSION = YES;
				CLANG_WARN_INT_CONVERSION = YES;
				CLANG_WARN_NON_LITERAL_NULL_CONVERSION = YES;
				CLANG_WARN_OBJC_IMPLICIT_RETAIN_SELF = YES;
				CLANG_WARN_OBJC_LITERAL_CONVERSION = YES;
				CLANG_WARN_OBJC_ROOT_CLASS = YES_ERROR;
				CLANG_WARN_QUOTED_INCLUDE_IN_FRAMEWORK_HEADER = YES;
				CLANG_WARN_RANGE_LOOP_ANALYSIS = YES;
				CLANG_WARN_STRICT_PROTOTYPES = YES;
				CLANG_WARN_SUSPICIOUS_MOVE = YES;
				CLANG_WARN_UNGUARDED_AVAILABILITY = YES_AGGRESSIVE;
				CLANG_WARN_UNREACHABLE_CODE = YES;
				CLANG_WARN__DUPLICATE_METHOD_MATCH = YES;
				COPY_PHASE_STRIP = NO;
				DEBUG_INFORMATION_FORMAT = "dwarf-with-dsym";
				ENABLE_NS_ASSERTIONS = NO;
				ENABLE_STRICT_OBJC_MSGSEND = YES;
				GCC_C_LANGUAGE_STANDARD = gnu11;
				GCC_NO_COMMON_BLOCKS = YES;
				GCC_WARN_64_TO_32_BIT_CONVERSION = YES;
				GCC_WARN_ABOUT_RETURN_TYPE = YES_ERROR;
				GCC_WARN_UNDECLARED_SELECTOR = YES;
				GCC_WARN_UNINITIALIZED_AUTOS = YES_AGGRESSIVE;
				GCC_WARN_UNUSED_FUNCTION = YES;
				GCC_WARN_UNUSED_VARIABLE = YES;
				IPHONEOS_DEPLOYMENT_TARGET = 15.2;
				MTL_ENABLE_DEBUG_INFO = NO;
				MTL_FAST_MATH = YES;
				SDKROOT = iphoneos;
				SWIFT_COMPILATION_MODE = wholemodule;
				SWIFT_OPTIMIZATION_LEVEL = "-O";
				VALIDATE_PRODUCT = YES;
			};
			name = Release;
		};
		22F40EBC27AD99DB00369B22 /* Debug */ = {
			isa = XCBuildConfiguration;
			buildSettings = {
				ASSETCATALOG_COMPILER_APPICON_NAME = AppIcon;
				ASSETCATALOG_COMPILER_GLOBAL_ACCENT_COLOR_NAME = AccentColor;
				CODE_SIGN_STYLE = Automatic;
				CURRENT_PROJECT_VERSION = 1;
				GENERATE_INFOPLIST_FILE = YES;
				INFOPLIST_FILE = Loan/Info.plist;
				INFOPLIST_KEY_UIApplicationSupportsIndirectInputEvents = YES;
				INFOPLIST_KEY_UILaunchStoryboardName = LaunchScreen;
				INFOPLIST_KEY_UIMainStoryboardFile = Main;
				INFOPLIST_KEY_UISupportedInterfaceOrientations_iPad = "UIInterfaceOrientationPortrait UIInterfaceOrientationPortraitUpsideDown UIInterfaceOrientationLandscapeLeft UIInterfaceOrientationLandscapeRight";
				INFOPLIST_KEY_UISupportedInterfaceOrientations_iPhone = "UIInterfaceOrientationPortrait UIInterfaceOrientationLandscapeLeft UIInterfaceOrientationLandscapeRight";
				LD_RUNPATH_SEARCH_PATHS = (
					"$(inherited)",
					"@executable_path/Frameworks",
				);
				MARKETING_VERSION = 1.0;
				PRODUCT_BUNDLE_IDENTIFIER = com.herco.Loan;
				PRODUCT_NAME = "$(TARGET_NAME)";
				SWIFT_EMIT_LOC_STRINGS = YES;
				SWIFT_VERSION = 5.0;
				TARGETED_DEVICE_FAMILY = "1,2";
			};
			name = Debug;
		};
		22F40EBD27AD99DB00369B22 /* Release */ = {
			isa = XCBuildConfiguration;
			buildSettings = {
				ASSETCATALOG_COMPILER_APPICON_NAME = AppIcon;
				ASSETCATALOG_COMPILER_GLOBAL_ACCENT_COLOR_NAME = AccentColor;
				CODE_SIGN_STYLE = Automatic;
				CURRENT_PROJECT_VERSION = 1;
				GENERATE_INFOPLIST_FILE = YES;
				INFOPLIST_FILE = Loan/Info.plist;
				INFOPLIST_KEY_UIApplicationSupportsIndirectInputEvents = YES;
				INFOPLIST_KEY_UILaunchStoryboardName = LaunchScreen;
				INFOPLIST_KEY_UIMainStoryboardFile = Main;
				INFOPLIST_KEY_UISupportedInterfaceOrientations_iPad = "UIInterfaceOrientationPortrait UIInterfaceOrientationPortraitUpsideDown UIInterfaceOrientationLandscapeLeft UIInterfaceOrientationLandscapeRight";
				INFOPLIST_KEY_UISupportedInterfaceOrientations_iPhone = "UIInterfaceOrientationPortrait UIInterfaceOrientationLandscapeLeft UIInterfaceOrientationLandscapeRight";
				LD_RUNPATH_SEARCH_PATHS = (
					"$(inherited)",
					"@executable_path/Frameworks",
				);
				MARKETING_VERSION = 1.0;
				PRODUCT_BUNDLE_IDENTIFIER = com.herco.Loan;
				PRODUCT_NAME = "$(TARGET_NAME)";
				SWIFT_EMIT_LOC_STRINGS = YES;
				SWIFT_VERSION = 5.0;
				TARGETED_DEVICE_FAMILY = "1,2";
			};
			name = Release;
		};
/* End XCBuildConfiguration section */

/* Begin XCConfigurationList section */
		22F40EA227AD99DA00369B22 /* Build configuration list for PBXProject "Loan" */ = {
			isa = XCConfigurationList;
			buildConfigurations = (
				22F40EB927AD99DB00369B22 /* Debug */,
				22F40EBA27AD99DB00369B22 /* Release */,
			);
			defaultConfigurationIsVisible = 0;
			defaultConfigurationName = Release;
		};
		22F40EBB27AD99DB00369B22 /* Build configuration list for PBXNativeTarget "Loan" */ = {
			isa = XCConfigurationList;
			buildConfigurations = (
				22F40EBC27AD99DB00369B22 /* Debug */,
				22F40EBD27AD99DB00369B22 /* Release */,
			);
			defaultConfigurationIsVisible = 0;
			defaultConfigurationName = Release;
		};
/* End XCConfigurationList section */
	};
	rootObject = 22F40E9F27AD99DA00369B22 /* Project object */;
}
